
Microsoft Visual Studio Solution File, Format Version 12.00
# Visual Studio Version 16
VisualStudioVersion = 16.0.33328.57
MinimumVisualStudioVersion = 10.0.40219.1
Project("{FAE04EC0-301F-11D3-BF4B-00C04F79EFBC}") = "kalkulator", "kalkulator.csproj", "{3EE422C1-4EED-4259-86F8-B9EBCF4A63C8}"
EndProject
Global
	GlobalSection(SolutionConfigurationPlatforms) = preSolution
		Debug|Any CPU = Debug|Any CPU
		Release|Any CPU = Release|Any CPU
	EndGlobalSection
	GlobalSection(ProjectConfigurationPlatforms) = postSolution
		{3EE422C1-4EED-4259-86F8-B9EBCF4A63C8}.Debug|Any CPU.ActiveCfg = Debug|Any CPU
		{3EE422C1-4EED-4259-86F8-B9EBCF4A63C8}.Debug|Any CPU.Build.0 = Debug|Any CPU
		{3EE422C1-4EED-4259-86F8-B9EBCF4A63C8}.Release|Any CPU.ActiveCfg = Release|Any CPU
		{3EE422C1-4EED-4259-86F8-B9EBCF4A63C8}.Release|Any CPU.Build.0 = Release|Any CPU
	EndGlobalSection
	GlobalSection(SolutionProperties) = preSolution
		HideSolutionNode = FALSE
	EndGlobalSection
	GlobalSection(ExtensibilityGlobals) = postSolution
		SolutionGuid = {86ABBB87-1FD7-43FC-8974-169BEF177169}
	EndGlobalSection
EndGlobal
